
Microsoft Visual Studio Solution File, Format Version 11.00
# Visual C# Express 2010
Project("{FAE04EC0-301F-11D3-BF4B-00C04F79EFBC}") = "2", "2\2.csproj", "{21EA9557-CA69-4004-8064-672E081CB412}"
EndProject
Global
	GlobalSection(SolutionConfigurationPlatforms) = preSolution
		Debug|x86 = Debug|x86
		Release|x86 = Release|x86
	EndGlobalSection
	GlobalSection(ProjectConfigurationPlatforms) = postSolution
		{21EA9557-CA69-4004-8064-672E081CB412}.Debug|x86.ActiveCfg = Debug|x86
		{21EA9557-CA69-4004-8064-672E081CB412}.Debug|x86.Build.0 = Debug|x86
		{21EA9557-CA69-4004-8064-672E081CB412}.Release|x86.ActiveCfg = Release|x86
		{21EA9557-CA69-4004-8064-672E081CB412}.Release|x86.Build.0 = Release|x86
	EndGlobalSection
	GlobalSection(SolutionProperties) = preSolution
		HideSolutionNode = FALSE
	EndGlobalSection
EndGlobal
